// !$*UTF8*$!
{
	archiveVersion = 1;
	classes = {
	};
	objectVersion = 56;
	objects = {

/* Begin PBXBuildFile section */
		4AA861A92A544297009AB01A /* AppDelegate.swift in Sources */ = {isa = PBXBuildFile; fileRef = 4AA861A82A544297009AB01A /* AppDelegate.swift */; };
		4AA861AB2A544297009AB01A /* SceneDelegate.swift in Sources */ = {isa = PBXBuildFile; fileRef = 4AA861AA2A544297009AB01A /* SceneDelegate.swift */; };
		4AA861AD2A544297009AB01A /* ViewController.swift in Sources */ = {isa = PBXBuildFile; fileRef = 4AA861AC2A544297009AB01A /* ViewController.swift */; };
		4AA861B02A544297009AB01A /* Main.storyboard in Resources */ = {isa = PBXBuildFile; fileRef = 4AA861AE2A544297009AB01A /* Main.storyboard */; };
		4AA861B22A544298009AB01A /* Assets.xcassets in Resources */ = {isa = PBXBuildFile; fileRef = 4AA861B12A544298009AB01A /* Assets.xcassets */; };
		4AA861B52A544298009AB01A /* LaunchScreen.storyboard in Resources */ = {isa = PBXBuildFile; fileRef = 4AA861B32A544298009AB01A /* LaunchScreen.storyboard */; };
		4AA861C02A544298009AB01A /* ExPlaceholderTests.swift in Sources */ = {isa = PBXBuildFile; fileRef = 4AA861BF2A544298009AB01A /* ExPlaceholderTests.swift */; };
		4AA861CA2A544298009AB01A /* ExPlaceholderUITests.swift in Sources */ = {isa = PBXBuildFile; fileRef = 4AA861C92A544298009AB01A /* ExPlaceholderUITests.swift */; };
		4AA861CC2A544298009AB01A /* ExPlaceholderUITestsLaunchTests.swift in Sources */ = {isa = PBXBuildFile; fileRef = 4AA861CB2A544298009AB01A /* ExPlaceholderUITestsLaunchTests.swift */; };
		4AA861D92A5442A9009AB01A /* PlaceholderTextView.swift in Sources */ = {isa = PBXBuildFile; fileRef = 4AA861D82A5442A9009AB01A /* PlaceholderTextView.swift */; };
/* End PBXBuildFile section */

/* Begin PBXContainerItemProxy section */
		4AA861BC2A544298009AB01A /* PBXContainerItemProxy */ = {
			isa = PBXContainerItemProxy;
			containerPortal = 4AA8619D2A544297009AB01A /* Project object */;
			proxyType = 1;
			remoteGlobalIDString = 4AA861A42A544297009AB01A;
			remoteInfo = ExPlaceholder;
		};
		4AA861C62A544298009AB01A /* PBXContainerItemProxy */ = {
			isa = PBXContainerItemProxy;
			containerPortal = 4AA8619D2A544297009AB01A /* Project object */;
			proxyType = 1;
			remoteGlobalIDString = 4AA861A42A544297009AB01A;
			remoteInfo = ExPlaceholder;
		};
/* End PBXContainerItemProxy section */

/* Begin PBXFileReference section */
		4AA861A52A544297009AB01A /* ExPlaceholder.app */ = {isa = PBXFileReference; explicitFileType = wrapper.application; includeInIndex = 0; path = ExPlaceholder.app; sourceTree = BUILT_PRODUCTS_DIR; };
		4AA861A82A544297009AB01A /* AppDelegate.swift */ = {isa = PBXFileReference; lastKnownFileType = sourcecode.swift; path = AppDelegate.swift; sourceTree = "<group>"; };
		4AA861AA2A544297009AB01A /* SceneDelegate.swift */ = {isa = PBXFileReference; lastKnownFileType = sourcecode.swift; path = SceneDelegate.swift; sourceTree = "<group>"; };
		4AA861AC2A544297009AB01A /* ViewController.swift */ = {isa = PBXFileReference; lastKnownFileType = sourcecode.swift; path = ViewController.swift; sourceTree = "<group>"; };
		4AA861AF2A544297009AB01A /* Base */ = {isa = PBXFileReference; lastKnownFileType = file.storyboard; name = Base; path = Base.lproj/Main.storyboard; sourceTree = "<group>"; };
		4AA861B12A544298009AB01A /* Assets.xcassets */ = {isa = PBXFileReference; lastKnownFileType = folder.assetcatalog; path = Assets.xcassets; sourceTree = "<group>"; };
		4AA861B42A544298009AB01A /* Base */ = {isa = PBXFileReference; lastKnownFileType = file.storyboard; name = Base; path = Base.lproj/LaunchScreen.storyboard; sourceTree = "<group>"; };
		4AA861B62A544298009AB01A /* Info.plist */ = {isa = PBXFileReference; lastKnownFileType = text.plist.xml; path = Info.plist; sourceTree = "<group>"; };
		4AA861BB2A544298009AB01A /* ExPlaceholderTests.xctest */ = {isa = PBXFileReference; explicitFileType = wrapper.cfbundle; includeInIndex = 0; path = ExPlaceholderTests.xctest; sourceTree = BUILT_PRODUCTS_DIR; };
		4AA861BF2A544298009AB01A /* ExPlaceholderTests.swift */ = {isa = PBXFileReference; lastKnownFileType = sourcecode.swift; path = ExPlaceholderTests.swift; sourceTree = "<group>"; };
		4AA861C52A544298009AB01A /* ExPlaceholderUITests.xctest */ = {isa = PBXFileReference; explicitFileType = wrapper.cfbundle; includeInIndex = 0; path = ExPlaceholderUITests.xctest; sourceTree = BUILT_PRODUCTS_DIR; };
		4AA861C92A544298009AB01A /* ExPlaceholderUITests.swift */ = {isa = PBXFileReference; lastKnownFileType = sourcecode.swift; path = ExPlaceholderUITests.swift; sourceTree = "<group>"; };
		4AA861CB2A544298009AB01A /* ExPlaceholderUITestsLaunchTests.swift */ = {isa = PBXFileReference; lastKnownFileType = sourcecode.swift; path = ExPlaceholderUITestsLaunchTests.swift; sourceTree = "<group>"; };
		4AA861D82A5442A9009AB01A /* PlaceholderTextView.swift */ = {isa = PBXFileReference; lastKnownFileType = sourcecode.swift; path = PlaceholderTextView.swift; sourceTree = "<group>"; };
/* End PBXFileReference section */

/* Begin PBXFrameworksBuildPhase section */
		4AA861A22A544297009AB01A /* Frameworks */ = {
			isa = PBXFrameworksBuildPhase;
			buildActionMask = 2147483647;
			files = (
			);
			runOnlyForDeploymentPostprocessing = 0;
		};
		4AA861B82A544298009AB01A /* Frameworks */ = {
			isa = PBXFrameworksBuildPhase;
			buildActionMask = 2147483647;
			files = (
			);
			runOnlyForDeploymentPostprocessing = 0;
		};
		4AA861C22A544298009AB01A /* Frameworks */ = {
			isa = PBXFrameworksBuildPhase;
			buildActionMask = 2147483647;
			files = (
			);
			runOnlyForDeploymentPostprocessing = 0;
		};
/* End PBXFrameworksBuildPhase section */

/* Begin PBXGroup section */
		4AA8619C2A544297009AB01A = {
			isa = PBXGroup;
			children = (
				4AA861A72A544297009AB01A /* ExPlaceholder */,
				4AA861BE2A544298009AB01A /* ExPlaceholderTests */,
				4AA861C82A544298009AB01A /* ExPlaceholderUITests */,
				4AA861A62A544297009AB01A /* Products */,
			);
			sourceTree = "<group>";
		};
		4AA861A62A544297009AB01A /* Products */ = {
			isa = PBXGroup;
			children = (
				4AA861A52A544297009AB01A /* ExPlaceholder.app */,
				4AA861BB2A544298009AB01A /* ExPlaceholderTests.xctest */,
				4AA861C52A544298009AB01A /* ExPlaceholderUITests.xctest */,
			);
			name = Products;
			sourceTree = "<group>";
		};
		4AA861A72A544297009AB01A /* ExPlaceholder */ = {
			isa = PBXGroup;
			children = (
				4AA861A82A544297009AB01A /* AppDelegate.swift */,
				4AA861AA2A544297009AB01A /* SceneDelegate.swift */,
				4AA861AC2A544297009AB01A /* ViewController.swift */,
				4AA861D82A5442A9009AB01A /* PlaceholderTextView.swift */,
				4AA861AE2A544297009AB01A /* Main.storyboard */,
				4AA861B12A544298009AB01A /* Assets.xcassets */,
				4AA861B32A544298009AB01A /* LaunchScreen.storyboard */,
				4AA861B62A544298009AB01A /* Info.plist */,
			);
			path = ExPlaceholder;
			sourceTree = "<group>";
		};
		4AA861BE2A544298009AB01A /* ExPlaceholderTests */ = {
			isa = PBXGroup;
			children = (
				4AA861BF2A544298009AB01A /* ExPlaceholderTests.swift */,
			);
			path = ExPlaceholderTests;
			sourceTree = "<group>";
		};
		4AA861C82A544298009AB01A /* ExPlaceholderUITests */ = {
			isa = PBXGroup;
			children = (
				4AA861C92A544298009AB01A /* ExPlaceholderUITests.swift */,
				4AA861CB2A544298009AB01A /* ExPlaceholderUITestsLaunchTests.swift */,
			);
			path = ExPlaceholderUITests;
			sourceTree = "<group>";
		};
/* End PBXGroup section */

/* Begin PBXNativeTarget section */
		4AA861A42A544297009AB01A /* ExPlaceholder */ = {
			isa = PBXNativeTarget;
			buildConfigurationList = 4AA861CF2A544298009AB01A /* Build configuration list for PBXNativeTarget "ExPlaceholder" */;
			buildPhases = (
				4AA861A12A544297009AB01A /* Sources */,
				4AA861A22A544297009AB01A /* Frameworks */,
				4AA861A32A544297009AB01A /* Resources */,
			);
			buildRules = (
			);
			dependencies = (
			);
			name = ExPlaceholder;
			productName = ExPlaceholder;
			productReference = 4AA861A52A544297009AB01A /* ExPlaceholder.app */;
			productType = "com.apple.product-type.application";
		};
		4AA861BA2A544298009AB01A /* ExPlaceholderTests */ = {
			isa = PBXNativeTarget;
			buildConfigurationList = 4AA861D22A544298009AB01A /* Build configuration list for PBXNativeTarget "ExPlaceholderTests" */;
			buildPhases = (
				4AA861B72A544298009AB01A /* Sources */,
				4AA861B82A544298009AB01A /* Frameworks */,
				4AA861B92A544298009AB01A /* Resources */,
			);
			buildRules = (
			);
			dependencies = (
				4AA861BD2A544298009AB01A /* PBXTargetDependency */,
			);
			name = ExPlaceholderTests;
			productName = ExPlaceholderTests;
			productReference = 4AA861BB2A544298009AB01A /* ExPlaceholderTests.xctest */;
			productType = "com.apple.product-type.bundle.unit-test";
		};
		4AA861C42A544298009AB01A /* ExPlaceholderUITests */ = {
			isa = PBXNativeTarget;
			buildConfigurationList = 4AA861D52A544298009AB01A /* Build configuration list for PBXNativeTarget "ExPlaceholderUITests" */;
			buildPhases = (
				4AA861C12A544298009AB01A /* Sources */,
				4AA861C22A544298009AB01A /* Frameworks */,
				4AA861C32A544298009AB01A /* Resources */,
			);
			buildRules = (
			);
			dependencies = (
				4AA861C72A544298009AB01A /* PBXTargetDependency */,
			);
			name = ExPlaceholderUITests;
			productName = ExPlaceholderUITests;
			productReference = 4AA861C52A544298009AB01A /* ExPlaceholderUITests.xctest */;
			productType = "com.apple.product-type.bundle.ui-testing";
		};
/* End PBXNativeTarget section */

/* Begin PBXProject section */
		4AA8619D2A544297009AB01A /* Project object */ = {
			isa = PBXProject;
			attributes = {
				BuildIndependentTargetsInParallel = 1;
				LastSwiftUpdateCheck = 1430;
				LastUpgradeCheck = 1430;
				TargetAttributes = {
					4AA861A42A544297009AB01A = {
						CreatedOnToolsVersion = 14.3.1;
					};
					4AA861BA2A544298009AB01A = {
						CreatedOnToolsVersion = 14.3.1;
						TestTargetID = 4AA861A42A544297009AB01A;
					};
					4AA861C42A544298009AB01A = {
						CreatedOnToolsVersion = 14.3.1;
						TestTargetID = 4AA861A42A544297009AB01A;
					};
				};
			};
			buildConfigurationList = 4AA861A02A544297009AB01A /* Build configuration list for PBXProject "ExPlaceholder" */;
			compatibilityVersion = "Xcode 14.0";
			developmentRegion = en;
			hasScannedForEncodings = 0;
			knownRegions = (
				en,
				Base,
			);
			mainGroup = 4AA8619C2A544297009AB01A;
			productRefGroup = 4AA861A62A544297009AB01A /* Products */;
			projectDirPath = "";
			projectRoot = "";
			targets = (
				4AA861A42A544297009AB01A /* ExPlaceholder */,
				4AA861BA2A544298009AB01A /* ExPlaceholderTests */,
				4AA861C42A544298009AB01A /* ExPlaceholderUITests */,
			);
		};
/* End PBXProject section */

/* Begin PBXResourcesBuildPhase section */
		4AA861A32A544297009AB01A /* Resources */ = {
			isa = PBXResourcesBuildPhase;
			buildActionMask = 2147483647;
			files = (
				4AA861B52A544298009AB01A /* LaunchScreen.storyboard in Resources */,
				4AA861B22A544298009AB01A /* Assets.xcassets in Resources */,
				4AA861B02A544297009AB01A /* Main.storyboard in Resources */,
			);
			runOnlyForDeploymentPostprocessing = 0;
		};
		4AA861B92A544298009AB01A /* Resources */ = {
			isa = PBXResourcesBuildPhase;
			buildActionMask = 2147483647;
			files = (
			);
			runOnlyForDeploymentPostprocessing = 0;
		};
		4AA861C32A544298009AB01A /* Resources */ = {
			isa = PBXResourcesBuildPhase;
			buildActionMask = 2147483647;
			files = (
			);
			runOnlyForDeploymentPostprocessing = 0;
		};
/* End PBXResourcesBuildPhase section */

/* Begin PBXSourcesBuildPhase section */
		4AA861A12A544297009AB01A /* Sources */ = {
			isa = PBXSourcesBuildPhase;
			buildActionMask = 2147483647;
			files = (
				4AA861AD2A544297009AB01A /* ViewController.swift in Sources */,
				4AA861A92A544297009AB01A /* AppDelegate.swift in Sources */,
				4AA861AB2A544297009AB01A /* SceneDelegate.swift in Sources */,
				4AA861D92A5442A9009AB01A /* PlaceholderTextView.swift in Sources */,
			);
			runOnlyForDeploymentPostprocessing = 0;
		};
		4AA861B72A544298009AB01A /* Sources */ = {
			isa = PBXSourcesBuildPhase;
			buildActionMask = 2147483647;
			files = (
				4AA861C02A544298009AB01A /* ExPlaceholderTests.swift in Sources */,
			);
			runOnlyForDeploymentPostprocessing = 0;
		};
		4AA861C12A544298009AB01A /* Sources */ = {
			isa = PBXSourcesBuildPhase;
			buildActionMask = 2147483647;
			files = (
				4AA861CA2A544298009AB01A /* ExPlaceholderUITests.swift in Sources */,
				4AA861CC2A544298009AB01A /* ExPlaceholderUITestsLaunchTests.swift in Sources */,
			);
			runOnlyForDeploymentPostprocessing = 0;
		};
/* End PBXSourcesBuildPhase section */

/* Begin PBXTargetDependency section */
		4AA861BD2A544298009AB01A /* PBXTargetDependency */ = {
			isa = PBXTargetDependency;
			target = 4AA861A42A544297009AB01A /* ExPlaceholder */;
			targetProxy = 4AA861BC2A544298009AB01A /* PBXContainerItemProxy */;
		};
		4AA861C72A544298009AB01A /* PBXTargetDependency */ = {
			isa = PBXTargetDependency;
			target = 4AA861A42A544297009AB01A /* ExPlaceholder */;
			targetProxy = 4AA861C62A544298009AB01A /* PBXContainerItemProxy */;
		};
/* End PBXTargetDependency section */

/* Begin PBXVariantGroup section */
		4AA861AE2A544297009AB01A /* Main.storyboard */ = {
			isa = PBXVariantGroup;
			children = (
				4AA861AF2A544297009AB01A /* Base */,
			);
			name = Main.storyboard;
			sourceTree = "<group>";
		};
		4AA861B32A544298009AB01A /* LaunchScreen.storyboard */ = {
			isa = PBXVariantGroup;
			children = (
				4AA861B42A544298009AB01A /* Base */,
			);
			name = LaunchScreen.storyboard;
			sourceTree = "<group>";
		};
/* End PBXVariantGroup section */

/* Begin XCBuildConfiguration section */
		4AA861CD2A544298009AB01A /* Debug */ = {
			isa = XCBuildConfiguration;
			buildSettings = {
				ALWAYS_SEARCH_USER_PATHS = NO;
				CLANG_ANALYZER_NONNULL = YES;
				CLANG_ANALYZER_NUMBER_OBJECT_CONVERSION = YES_AGGRESSIVE;
				CLANG_CXX_LANGUAGE_STANDARD = "gnu++20";
				CLANG_ENABLE_MODULES = YES;
				CLANG_ENABLE_OBJC_ARC = YES;
				CLANG_ENABLE_OBJC_WEAK = YES;
				CLANG_WARN_BLOCK_CAPTURE_AUTORELEASING = YES;
				CLANG_WARN_BOOL_CONVERSION = YES;
				CLANG_WARN_COMMA = YES;
				CLANG_WARN_CONSTANT_CONVERSION = YES;
				CLANG_WARN_DEPRECATED_OBJC_IMPLEMENTATIONS = YES;
				CLANG_WARN_DIRECT_OBJC_ISA_USAGE = YES_ERROR;
				CLANG_WARN_DOCUMENTATION_COMMENTS = YES;
				CLANG_WARN_EMPTY_BODY = YES;
				CLANG_WARN_ENUM_CONVERSION = YES;
				CLANG_WARN_INFINITE_RECURSION = YES;
				CLANG_WARN_INT_CONVERSION = YES;
				CLANG_WARN_NON_LITERAL_NULL_CONVERSION = YES;
				CLANG_WARN_OBJC_IMPLICIT_RETAIN_SELF = YES;
				CLANG_WARN_OBJC_LITERAL_CONVERSION = YES;
				CLANG_WARN_OBJC_ROOT_CLASS = YES_ERROR;
				CLANG_WARN_QUOTED_INCLUDE_IN_FRAMEWORK_HEADER = YES;
				CLANG_WARN_RANGE_LOOP_ANALYSIS = YES;
				CLANG_WARN_STRICT_PROTOTYPES = YES;
				CLANG_WARN_SUSPICIOUS_MOVE = YES;
				CLANG_WARN_UNGUARDED_AVAILABILITY = YES_AGGRESSIVE;
				CLANG_WARN_UNREACHABLE_CODE = YES;
				CLANG_WARN__DUPLICATE_METHOD_MATCH = YES;
				COPY_PHASE_STRIP = NO;
				DEBUG_INFORMATION_FORMAT = dwarf;
				ENABLE_STRICT_OBJC_MSGSEND = YES;
				ENABLE_TESTABILITY = YES;
				GCC_C_LANGUAGE_STANDARD = gnu11;
				GCC_DYNAMIC_NO_PIC = NO;
				GCC_NO_COMMON_BLOCKS = YES;
				GCC_OPTIMIZATION_LEVEL = 0;
				GCC_PREPROCESSOR_DEFINITIONS = (
					"DEBUG=1",
					"$(inherited)",
				);
				GCC_WARN_64_TO_32_BIT_CONVERSION = YES;
				GCC_WARN_ABOUT_RETURN_TYPE = YES_ERROR;
				GCC_WARN_UNDECLARED_SELECTOR = YES;
				GCC_WARN_UNINITIALIZED_AUTOS = YES_AGGRESSIVE;
				GCC_WARN_UNUSED_FUNCTION = YES;
				GCC_WARN_UNUSED_VARIABLE = YES;
				IPHONEOS_DEPLOYMENT_TARGET = 16.4;
				MTL_ENABLE_DEBUG_INFO = INCLUDE_SOURCE;
				MTL_FAST_MATH = YES;
				ONLY_ACTIVE_ARCH = YES;
				SDKROOT = iphoneos;
				SWIFT_ACTIVE_COMPILATION_CONDITIONS = DEBUG;
				SWIFT_OPTIMIZATION_LEVEL = "-Onone";
			};
			name = Debug;
		};
		4AA861CE2A544298009AB01A /* Release */ = {
			isa = XCBuildConfiguration;
			buildSettings = {
				ALWAYS_SEARCH_USER_PATHS = NO;
				CLANG_ANALYZER_NONNULL = YES;
				CLANG_ANALYZER_NUMBER_OBJECT_CONVERSION = YES_AGGRESSIVE;
				CLANG_CXX_LANGUAGE_STANDARD = "gnu++20";
				CLANG_ENABLE_MODULES = YES;
				CLANG_ENABLE_OBJC_ARC = YES;
				CLANG_ENABLE_OBJC_WEAK = YES;
				CLANG_WARN_BLOCK_CAPTURE_AUTORELEASING = YES;
				CLANG_WARN_BOOL_CONVERSION = YES;
				CLANG_WARN_COMMA = YES;
				CLANG_WARN_CONSTANT_CONVERSION = YES;
				CLANG_WARN_DEPRECATED_OBJC_IMPLEMENTATIONS = YES;
				CLANG_WARN_DIRECT_OBJC_ISA_USAGE = YES_ERROR;
				CLANG_WARN_DOCUMENTATION_COMMENTS = YES;
				CLANG_WARN_EMPTY_BODY = YES;
				CLANG_WARN_ENUM_CONVERSION = YES;
				CLANG_WARN_INFINITE_RECURSION = YES;
				CLANG_WARN_INT_CONVERSION = YES;
				CLANG_WARN_NON_LITERAL_NULL_CONVERSION = YES;
				CLANG_WARN_OBJC_IMPLICIT_RETAIN_SELF = YES;
				CLANG_WARN_OBJC_LITERAL_CONVERSION = YES;
				CLANG_WARN_OBJC_ROOT_CLASS = YES_ERROR;
				CLANG_WARN_QUOTED_INCLUDE_IN_FRAMEWORK_HEADER = YES;
				CLANG_WARN_RANGE_LOOP_ANALYSIS = YES;
				CLANG_WARN_STRICT_PROTOTYPES = YES;
				CLANG_WARN_SUSPICIOUS_MOVE = YES;
				CLANG_WARN_UNGUARDED_AVAILABILITY = YES_AGGRESSIVE;
				CLANG_WARN_UNREACHABLE_CODE = YES;
				CLANG_WARN__DUPLICATE_METHOD_MATCH = YES;
				COPY_PHASE_STRIP = NO;
				DEBUG_INFORMATION_FORMAT = "dwarf-with-dsym";
				ENABLE_NS_ASSERTIONS = NO;
				ENABLE_STRICT_OBJC_MSGSEND = YES;
				GCC_C_LANGUAGE_STANDARD = gnu11;
				GCC_NO_COMMON_BLOCKS = YES;
				GCC_WARN_64_TO_32_BIT_CONVERSION = YES;
				GCC_WARN_ABOUT_RETURN_TYPE = YES_ERROR;
				GCC_WARN_UNDECLARED_SELECTOR = YES;
				GCC_WARN_UNINITIALIZED_AUTOS = YES_AGGRESSIVE;
				GCC_WARN_UNUSED_FUNCTION = YES;
				GCC_WARN_UNUSED_VARIABLE = YES;
				IPHONEOS_DEPLOYMENT_TARGET = 16.4;
				MTL_ENABLE_DEBUG_INFO = NO;
				MTL_FAST_MATH = YES;
				SDKROOT = iphoneos;
				SWIFT_COMPILATION_MODE = wholemodule;
				SWIFT_OPTIMIZATION_LEVEL = "-O";
				VALIDATE_PRODUCT = YES;
			};
			name = Release;
		};
		4AA861D02A544298009AB01A /* Debug */ = {
			isa = XCBuildConfiguration;
			buildSettings = {
				ASSETCATALOG_COMPILER_APPICON_NAME = AppIcon;
				ASSETCATALOG_COMPILER_GLOBAL_ACCENT_COLOR_NAME = AccentColor;
				CODE_SIGN_STYLE = Automatic;
				CURRENT_PROJECT_VERSION = 1;
				DEVELOPMENT_TEAM = SS7U83UJNK;
				GENERATE_INFOPLIST_FILE = YES;
				INFOPLIST_FILE = ExPlaceholder/Info.plist;
				INFOPLIST_KEY_UIApplicationSupportsIndirectInputEvents = YES;
				INFOPLIST_KEY_UILaunchStoryboardName = LaunchScreen;
				INFOPLIST_KEY_UIMainStoryboardFile = Main;
				INFOPLIST_KEY_UISupportedInterfaceOrientations_iPad = "UIInterfaceOrientationPortrait UIInterfaceOrientationPortraitUpsideDown UIInterfaceOrientationLandscapeLeft UIInterfaceOrientationLandscapeRight";
				INFOPLIST_KEY_UISupportedInterfaceOrientations_iPhone = "UIInterfaceOrientationPortrait UIInterfaceOrientationLandscapeLeft UIInterfaceOrientationLandscapeRight";
				LD_RUNPATH_SEARCH_PATHS = (
					"$(inherited)",
					"@executable_path/Frameworks",
				);
				MARKETING_VERSION = 1.0;
				PRODUCT_BUNDLE_IDENTIFIER = com.jake.ExPlaceholder;
				PRODUCT_NAME = "$(TARGET_NAME)";
				SWIFT_EMIT_LOC_STRINGS = YES;
				SWIFT_VERSION = 5.0;
				TARGETED_DEVICE_FAMILY = "1,2";
			};
			name = Debug;
		};
		4AA861D12A544298009AB01A /* Release */ = {
			isa = XCBuildConfiguration;
			buildSettings = {
				ASSETCATALOG_COMPILER_APPICON_NAME = AppIcon;
				ASSETCATALOG_COMPILER_GLOBAL_ACCENT_COLOR_NAME = AccentColor;
				CODE_SIGN_STYLE = Automatic;
				CURRENT_PROJECT_VERSION = 1;
				DEVELOPMENT_TEAM = SS7U83UJNK;
				GENERATE_INFOPLIST_FILE = YES;
				INFOPLIST_FILE = ExPlaceholder/Info.plist;
				INFOPLIST_KEY_UIApplicationSupportsIndirectInputEvents = YES;
				INFOPLIST_KEY_UILaunchStoryboardName = LaunchScreen;
				INFOPLIST_KEY_UIMainStoryboardFile = Main;
				INFOPLIST_KEY_UISupportedInterfaceOrientations_iPad = "UIInterfaceOrientationPortrait UIInterfaceOrientationPortraitUpsideDown UIInterfaceOrientationLandscapeLeft UIInterfaceOrientationLandscapeRight";
				INFOPLIST_KEY_UISupportedInterfaceOrientations_iPhone = "UIInterfaceOrientationPortrait UIInterfaceOrientationLandscapeLeft UIInterfaceOrientationLandscapeRight";
				LD_RUNPATH_SEARCH_PATHS = (
					"$(inherited)",
					"@executable_path/Frameworks",
				);
				MARKETING_VERSION = 1.0;
				PRODUCT_BUNDLE_IDENTIFIER = com.jake.ExPlaceholder;
				PRODUCT_NAME = "$(TARGET_NAME)";
				SWIFT_EMIT_LOC_STRINGS = YES;
				SWIFT_VERSION = 5.0;
				TARGETED_DEVICE_FAMILY = "1,2";
			};
			name = Release;
		};
		4AA861D32A544298009AB01A /* Debug */ = {
			isa = XCBuildConfiguration;
			buildSettings = {
				ALWAYS_EMBED_SWIFT_STANDARD_LIBRARIES = YES;
				BUNDLE_LOADER = "$(TEST_HOST)";
				CODE_SIGN_STYLE = Automatic;
				CURRENT_PROJECT_VERSION = 1;
				DEVELOPMENT_TEAM = SS7U83UJNK;
				GENERATE_INFOPLIST_FILE = YES;
				IPHONEOS_DEPLOYMENT_TARGET = 16.4;
				MARKETING_VERSION = 1.0;
				PRODUCT_BUNDLE_IDENTIFIER = com.jake.ExPlaceholderTests;
				PRODUCT_NAME = "$(TARGET_NAME)";
				SWIFT_EMIT_LOC_STRINGS = NO;
				SWIFT_VERSION = 5.0;
				TARGETED_DEVICE_FAMILY = "1,2";
				TEST_HOST = "$(BUILT_PRODUCTS_DIR)/ExPlaceholder.app/$(BUNDLE_EXECUTABLE_FOLDER_PATH)/ExPlaceholder";
			};
			name = Debug;
		};
		4AA861D42A544298009AB01A /* Release */ = {
			isa = XCBuildConfiguration;
			buildSettings = {
				ALWAYS_EMBED_SWIFT_STANDARD_LIBRARIES = YES;
				BUNDLE_LOADER = "$(TEST_HOST)";
				CODE_SIGN_STYLE = Automatic;
				CURRENT_PROJECT_VERSION = 1;
				DEVELOPMENT_TEAM = SS7U83UJNK;
				GENERATE_INFOPLIST_FILE = YES;
				IPHONEOS_DEPLOYMENT_TARGET = 16.4;
				MARKETING_VERSION = 1.0;
				PRODUCT_BUNDLE_IDENTIFIER = com.jake.ExPlaceholderTests;
				PRODUCT_NAME = "$(TARGET_NAME)";
				SWIFT_EMIT_LOC_STRINGS = NO;
				SWIFT_VERSION = 5.0;
				TARGETED_DEVICE_FAMILY = "1,2";
				TEST_HOST = "$(BUILT_PRODUCTS_DIR)/ExPlaceholder.app/$(BUNDLE_EXECUTABLE_FOLDER_PATH)/ExPlaceholder";
			};
			name = Release;
		};
		4AA861D62A544298009AB01A /* Debug */ = {
			isa = XCBuildConfiguration;
			buildSettings = {
				ALWAYS_EMBED_SWIFT_STANDARD_LIBRARIES = YES;
				CODE_SIGN_STYLE = Automatic;
				CURRENT_PROJECT_VERSION = 1;
				DEVELOPMENT_TEAM = SS7U83UJNK;
				GENERATE_INFOPLIST_FILE = YES;
				MARKETING_VERSION = 1.0;
				PRODUCT_BUNDLE_IDENTIFIER = com.jake.ExPlaceholderUITests;
				PRODUCT_NAME = "$(TARGET_NAME)";
				SWIFT_EMIT_LOC_STRINGS = NO;
				SWIFT_VERSION = 5.0;
				TARGETED_DEVICE_FAMILY = "1,2";
				TEST_TARGET_NAME = ExPlaceholder;
			};
			name = Debug;
		};
		4AA861D72A544298009AB01A /* Release */ = {
			isa = XCBuildConfiguration;
			buildSettings = {
				ALWAYS_EMBED_SWIFT_STANDARD_LIBRARIES = YES;
				CODE_SIGN_STYLE = Automatic;
				CURRENT_PROJECT_VERSION = 1;
				DEVELOPMENT_TEAM = SS7U83UJNK;
				GENERATE_INFOPLIST_FILE = YES;
				MARKETING_VERSION = 1.0;
				PRODUCT_BUNDLE_IDENTIFIER = com.jake.ExPlaceholderUITests;
				PRODUCT_NAME = "$(TARGET_NAME)";
				SWIFT_EMIT_LOC_STRINGS = NO;
				SWIFT_VERSION = 5.0;
				TARGETED_DEVICE_FAMILY = "1,2";
				TEST_TARGET_NAME = ExPlaceholder;
			};
			name = Release;
		};
/* End XCBuildConfiguration section */

/* Begin XCConfigurationList section */
		4AA861A02A544297009AB01A /* Build configuration list for PBXProject "ExPlaceholder" */ = {
			isa = XCConfigurationList;
			buildConfigurations = (
				4AA861CD2A544298009AB01A /* Debug */,
				4AA861CE2A544298009AB01A /* Release */,
			);
			defaultConfigurationIsVisible = 0;
			defaultConfigurationName = Release;
		};
		4AA861CF2A544298009AB01A /* Build configuration list for PBXNativeTarget "ExPlaceholder" */ = {
			isa = XCConfigurationList;
			buildConfigurations = (
				4AA861D02A544298009AB01A /* Debug */,
				4AA861D12A544298009AB01A /* Release */,
			);
			defaultConfigurationIsVisible = 0;
			defaultConfigurationName = Release;
		};
		4AA861D22A544298009AB01A /* Build configuration list for PBXNativeTarget "ExPlaceholderTests" */ = {
			isa = XCConfigurationList;
			buildConfigurations = (
				4AA861D32A544298009AB01A /* Debug */,
				4AA861D42A544298009AB01A /* Release */,
			);
			defaultConfigurationIsVisible = 0;
			defaultConfigurationName = Release;
		};
		4AA861D52A544298009AB01A /* Build configuration list for PBXNativeTarget "ExPlaceholderUITests" */ = {
			isa = XCConfigurationList;
			buildConfigurations = (
				4AA861D62A544298009AB01A /* Debug */,
				4AA861D72A544298009AB01A /* Release */,
			);
			defaultConfigurationIsVisible = 0;
			defaultConfigurationName = Release;
		};
/* End XCConfigurationList section */
	};
	rootObject = 4AA8619D2A544297009AB01A /* Project object */;
}
